{
  "name": "cydran-todomvc",
  "version": "0.3.5",
  "lockfileVersion": 2,
  "requires": true,
  "packages": {
    "": {
      "version": "0.3.5",
      "bundleDependencies": [
        "cydran",
        "todomvc-app-css",
        "todomvc-common"
      ],
      "license": "MIT",
      "dependencies": {
        "cydran": "0.1.37",
        "todomvc-app-css": "2.4.1",
        "todomvc-common": "1.0.5"
      }
    },
    "../cydran": {
      "version": "0.1.37",
      "integrity": "sha512-4BZhDa2DHNbfEq3rIwVuqkMYXwmMClGPIoS1nEtnaZF3KEs2gUUk3lHl1IF6zzYJ58uKPh/2hfJyQrgP5pJGWw==",
      "extraneous": true,
      "license": "MIT",
      "devDependencies": {
        "@babel/cli": "7.14.5",
        "@babel/core": "7.14.6",
        "@babel/plugin-transform-modules-umd": "7.14.5",
        "@babel/preset-env": "7.14.7",
        "@babel/preset-typescript": "7.14.5",
        "@testing-library/dom": "7.31.2",
        "@testing-library/jest-dom": "5.14.1",
        "@types/jest": "26.0.23",
        "@types/jsdom": "16.2.11",
        "@types/lodash": "4.14.170",
        "babel-preset-es2015": "6.24.1",
        "cross-env": "7.0.3",
        "dependency-cruiser": "10.0.2",
        "dts-bundle-generator": "5.9.0",
        "esbuild": "0.12.9",
        "fs-extra": "10.0.0",
        "jest": "27.0.5",
        "jsdom": "16.6.0",
        "requirejs": "2.3.6",
        "rimraf": "3.0.2",
        "source-map-support": "0.5.19",
        "ts-mockito": "2.6.1",
        "ts-node": "10.0.0",
        "tslint": "6.1.3",
        "typedoc": "0.21.0",
        "typescript": "4.3.4"
      }
    },
    "node_modules/cydran": {
      "version": "0.1.37",
      "resolved": "https://registry.npmjs.org/cydran/-/cydran-0.1.37.tgz",
      "integrity": "sha512-4BZhDa2DHNbfEq3rIwVuqkMYXwmMClGPIoS1nEtnaZF3KEs2gUUk3lHl1IF6zzYJ58uKPh/2hfJyQrgP5pJGWw==",
      "inBundle": true
    },
    "node_modules/todomvc-app-css": {
      "version": "2.4.1",
      "integrity": "sha512-1mZYRG435VmqIw1WahBYhAJbyfH4HnRNI8EgF4ypK4R1RjwgBBvXd0N57ZwCa1lbHzYBraA6+dVyAg3GAPEACQ==",
      "inBundle": true
    },
    "node_modules/todomvc-common": {
      "version": "1.0.5",
      "integrity": "sha512-D8kEJmxVMQIWwztEdH+WeiAfXRbbSCpgXq4NkYi+gduJ2tr8CNq7sYLfJvjpQ10KD9QxJwig57rvMbV2QAESwQ==",
      "inBundle": true
    }
  },
  "dependencies": {
    "cydran": {
      "version": "0.1.37",
      "resolved": "https://registry.npmjs.org/cydran/-/cydran-0.1.37.tgz",
      "integrity": "sha512-4BZhDa2DHNbfEq3rIwVuqkMYXwmMClGPIoS1nEtnaZF3KEs2gUUk3lHl1IF6zzYJ58uKPh/2hfJyQrgP5pJGWw=="
    },
    "todomvc-app-css": {
      "version": "2.4.1",
      "integrity": "sha512-1mZYRG435VmqIw1WahBYhAJbyfH4HnRNI8EgF4ypK4R1RjwgBBvXd0N57ZwCa1lbHzYBraA6+dVyAg3GAPEACQ=="
    },
    "todomvc-common": {
      "version": "1.0.5",
      "integrity": "sha512-D8kEJmxVMQIWwztEdH+WeiAfXRbbSCpgXq4NkYi+gduJ2tr8CNq7sYLfJvjpQ10KD9QxJwig57rvMbV2QAESwQ=="
    }
  }
}
